
Microsoft Visual Studio Solution File, Format Version 12.00
# Visual Studio 15
VisualStudioVersion = 15.0.27130.2024
MinimumVisualStudioVersion = 10.0.40219.1
Project("{E24C65DC-7377-472B-9ABA-BC803B73C61A}") = "seoyonIntranet", "seoyonIntranet\", "{D9F74BDF-C2AE-475E-ACFC-3878B405E1EB}"
	ProjectSection(WebsiteProperties) = preProject
		TargetFrameworkMoniker = ".NETFramework,Version%3Dv4.6.1"
		Debug.AspNetCompiler.VirtualPath = "/localhost_58360"
		Debug.AspNetCompiler.PhysicalPath = "seoyonIntranet\"
		Debug.AspNetCompiler.TargetPath = "PrecompiledWeb\localhost_58360\"
		Debug.AspNetCompiler.Updateable = "true"
		Debug.AspNetCompiler.ForceOverwrite = "true"
		Debug.AspNetCompiler.FixedNames = "false"
		Debug.AspNetCompiler.Debug = "True"
		Release.AspNetCompiler.VirtualPath = "/localhost_58360"
		Release.AspNetCompiler.PhysicalPath = "seoyonIntranet\"
		Release.AspNetCompiler.TargetPath = "PrecompiledWeb\localhost_58360\"
		Release.AspNetCompiler.Updateable = "true"
		Release.AspNetCompiler.ForceOverwrite = "true"
		Release.AspNetCompiler.FixedNames = "false"
		Release.AspNetCompiler.Debug = "False"
		VWDPort = "58360"
		SlnRelativePath = "seoyonIntranet\"
		DefaultWebSiteLanguage = "Visual C#"
	EndProjectSection
EndProject
Global
	GlobalSection(SolutionConfigurationPlatforms) = preSolution
		Debug|Any CPU = Debug|Any CPU
	EndGlobalSection
	GlobalSection(ProjectConfigurationPlatforms) = postSolution
		{D9F74BDF-C2AE-475E-ACFC-3878B405E1EB}.Debug|Any CPU.ActiveCfg = Debug|Any CPU
		{D9F74BDF-C2AE-475E-ACFC-3878B405E1EB}.Debug|Any CPU.Build.0 = Debug|Any CPU
	EndGlobalSection
	GlobalSection(SolutionProperties) = preSolution
		HideSolutionNode = FALSE
	EndGlobalSection
	GlobalSection(ExtensibilityGlobals) = postSolution
		SolutionGuid = {7103A607-C5D7-4859-B3E2-E685AB8BEAAD}
	EndGlobalSection
EndGlobal
